{
  "pins" : [
    {
      "identity" : "swift-argument-parser",
      "kind" : "remoteSourceControl",
      "location" : "https://github.com/apple/swift-argument-parser",
      "state" : {
        "revision" : "6a52f3251125d74daf04fcbd5e6f08a75d074382",
        "version" : "1.8.2"
      }
    },
    {
      "identity" : "swiftterm",
      "kind" : "remoteSourceControl",
      "location" : "https://github.com/mikemackintosh/SwiftTerm",
      "state" : {
        "branch" : "c8b9031",
        "revision" : "c8b903159a6cbad2e26e196045f87024c377cb4a"
      }
    }
  ],
  "version" : 2
}
